// !$*UTF8*$!
{
	archiveVersion = 1;
	classes = {
	};
	objectVersion = 50;
	objects = {

/* Begin PBXBuildFile section */
		F04DB2FC2366382F003ABB14 /* AppDelegate.swift in Sources */ = {isa = PBXBuildFile; fileRef = F04DB2FB2366382F003ABB14 /* AppDelegate.swift */; };
		F04DB2FE2366382F003ABB14 /* SceneDelegate.swift in Sources */ = {isa = PBXBuildFile; fileRef = F04DB2FD2366382F003ABB14 /* SceneDelegate.swift */; };
		F04DB3002366382F003ABB14 /* ContentView.swift in Sources */ = {isa = PBXBuildFile; fileRef = F04DB2FF2366382F003ABB14 /* ContentView.swift */; };
		F04DB30223663830003ABB14 /* Assets.xcassets in Resources */ = {isa = PBXBuildFile; fileRef = F04DB30123663830003ABB14 /* Assets.xcassets */; };
		F04DB30523663830003ABB14 /* Preview Assets.xcassets in Resources */ = {isa = PBXBuildFile; fileRef = F04DB30423663830003ABB14 /* Preview Assets.xcassets */; };
		F04DB30823663830003ABB14 /* LaunchScreen.storyboard in Resources */ = {isa = PBXBuildFile; fileRef = F04DB30623663830003ABB14 /* LaunchScreen.storyboard */; };
		F056B14923687FB100A99AFC /* TryScroll.swift in Sources */ = {isa = PBXBuildFile; fileRef = F056B14823687FB100A99AFC /* TryScroll.swift */; };
/* End PBXBuildFile section */

/* Begin PBXFileReference section */
		F04DB2F82366382F003ABB14 /* SwiftUI2511.app */ = {isa = PBXFileReference; explicitFileType = wrapper.application; includeInIndex = 0; path = SwiftUI2511.app; sourceTree = BUILT_PRODUCTS_DIR; };
		F04DB2FB2366382F003ABB14 /* AppDelegate.swift */ = {isa = PBXFileReference; lastKnownFileType = sourcecode.swift; path = AppDelegate.swift; sourceTree = "<group>"; };
		F04DB2FD2366382F003ABB14 /* SceneDelegate.swift */ = {isa = PBXFileReference; lastKnownFileType = sourcecode.swift; path = SceneDelegate.swift; sourceTree = "<group>"; };
		F04DB2FF2366382F003ABB14 /* ContentView.swift */ = {isa = PBXFileReference; lastKnownFileType = sourcecode.swift; path = ContentView.swift; sourceTree = "<group>"; };
		F04DB30123663830003ABB14 /* Assets.xcassets */ = {isa = PBXFileReference; lastKnownFileType = folder.assetcatalog; path = Assets.xcassets; sourceTree = "<group>"; };
		F04DB30423663830003ABB14 /* Preview Assets.xcassets */ = {isa = PBXFileReference; lastKnownFileType = folder.assetcatalog; path = "Preview Assets.xcassets"; sourceTree = "<group>"; };
		F04DB30723663830003ABB14 /* Base */ = {isa = PBXFileReference; lastKnownFileType = file.storyboard; name = Base; path = Base.lproj/LaunchScreen.storyboard; sourceTree = "<group>"; };
		F04DB30923663830003ABB14 /* Info.plist */ = {isa = PBXFileReference; lastKnownFileType = text.plist.xml; path = Info.plist; sourceTree = "<group>"; };
		F056B14823687FB100A99AFC /* TryScroll.swift */ = {isa = PBXFileReference; lastKnownFileType = sourcecode.swift; path = TryScroll.swift; sourceTree = "<group>"; };
/* End PBXFileReference section */

/* Begin PBXFrameworksBuildPhase section */
		F04DB2F52366382F003ABB14 /* Frameworks */ = {
			isa = PBXFrameworksBuildPhase;
			buildActionMask = 2147483647;
			files = (
			);
			runOnlyForDeploymentPostprocessing = 0;
		};
/* End PBXFrameworksBuildPhase section */

/* Begin PBXGroup section */
		F04DB2EF2366382E003ABB14 = {
			isa = PBXGroup;
			children = (
				F056B14823687FB100A99AFC /* TryScroll.swift */,
				F04DB2FA2366382F003ABB14 /* SwiftUI2511 */,
				F04DB2F92366382F003ABB14 /* Products */,
			);
			sourceTree = "<group>";
		};
		F04DB2F92366382F003ABB14 /* Products */ = {
			isa = PBXGroup;
			children = (
				F04DB2F82366382F003ABB14 /* SwiftUI2511.app */,
			);
			name = Products;
			sourceTree = "<group>";
		};
		F04DB2FA2366382F003ABB14 /* SwiftUI2511 */ = {
			isa = PBXGroup;
			children = (
				F04DB2FB2366382F003ABB14 /* AppDelegate.swift */,
				F04DB2FD2366382F003ABB14 /* SceneDelegate.swift */,
				F04DB2FF2366382F003ABB14 /* ContentView.swift */,
				F04DB30123663830003ABB14 /* Assets.xcassets */,
				F04DB30623663830003ABB14 /* LaunchScreen.storyboard */,
				F04DB30923663830003ABB14 /* Info.plist */,
				F04DB30323663830003ABB14 /* Preview Content */,
			);
			path = SwiftUI2511;
			sourceTree = "<group>";
		};
		F04DB30323663830003ABB14 /* Preview Content */ = {
			isa = PBXGroup;
			children = (
				F04DB30423663830003ABB14 /* Preview Assets.xcassets */,
			);
			path = "Preview Content";
			sourceTree = "<group>";
		};
/* End PBXGroup section */

/* Begin PBXNativeTarget section */
		F04DB2F72366382F003ABB14 /* SwiftUI2511 */ = {
			isa = PBXNativeTarget;
			buildConfigurationList = F04DB30C23663830003ABB14 /* Build configuration list for PBXNativeTarget "SwiftUI2511" */;
			buildPhases = (
				F04DB2F42366382F003ABB14 /* Sources */,
				F04DB2F52366382F003ABB14 /* Frameworks */,
				F04DB2F62366382F003ABB14 /* Resources */,
			);
			buildRules = (
			);
			dependencies = (
			);
			name = SwiftUI2511;
			productName = SwiftUI2511;
			productReference = F04DB2F82366382F003ABB14 /* SwiftUI2511.app */;
			productType = "com.apple.product-type.application";
		};
/* End PBXNativeTarget section */

/* Begin PBXProject section */
		F04DB2F02366382E003ABB14 /* Project object */ = {
			isa = PBXProject;
			attributes = {
				LastSwiftUpdateCheck = 1100;
				LastUpgradeCheck = 1100;
				ORGANIZATIONNAME = "Namik Catibusic";
				TargetAttributes = {
					F04DB2F72366382F003ABB14 = {
						CreatedOnToolsVersion = 11.0;
					};
				};
			};
			buildConfigurationList = F04DB2F32366382E003ABB14 /* Build configuration list for PBXProject "SwiftUI2511" */;
			compatibilityVersion = "Xcode 9.3";
			developmentRegion = en;
			hasScannedForEncodings = 0;
			knownRegions = (
				en,
				Base,
			);
			mainGroup = F04DB2EF2366382E003ABB14;
			productRefGroup = F04DB2F92366382F003ABB14 /* Products */;
			projectDirPath = "";
			projectRoot = "";
			targets = (
				F04DB2F72366382F003ABB14 /* SwiftUI2511 */,
			);
		};
/* End PBXProject section */

/* Begin PBXResourcesBuildPhase section */
		F04DB2F62366382F003ABB14 /* Resources */ = {
			isa = PBXResourcesBuildPhase;
			buildActionMask = 2147483647;
			files = (
				F04DB30823663830003ABB14 /* LaunchScreen.storyboard in Resources */,
				F04DB30523663830003ABB14 /* Preview Assets.xcassets in Resources */,
				F04DB30223663830003ABB14 /* Assets.xcassets in Resources */,
			);
			runOnlyForDeploymentPostprocessing = 0;
		};
/* End PBXResourcesBuildPhase section */

/* Begin PBXSourcesBuildPhase section */
		F04DB2F42366382F003ABB14 /* Sources */ = {
			isa = PBXSourcesBuildPhase;
			buildActionMask = 2147483647;
			files = (
				F056B14923687FB100A99AFC /* TryScroll.swift in Sources */,
				F04DB2FC2366382F003ABB14 /* AppDelegate.swift in Sources */,
				F04DB2FE2366382F003ABB14 /* SceneDelegate.swift in Sources */,
				F04DB3002366382F003ABB14 /* ContentView.swift in Sources */,
			);
			runOnlyForDeploymentPostprocessing = 0;
		};
/* End PBXSourcesBuildPhase section */

/* Begin PBXVariantGroup section */
		F04DB30623663830003ABB14 /* LaunchScreen.storyboard */ = {
			isa = PBXVariantGroup;
			children = (
				F04DB30723663830003ABB14 /* Base */,
			);
			name = LaunchScreen.storyboard;
			sourceTree = "<group>";
		};
/* End PBXVariantGroup section */

/* Begin XCBuildConfiguration section */
		F04DB30A23663830003ABB14 /* Debug */ = {
			isa = XCBuildConfiguration;
			buildSettings = {
				ALWAYS_SEARCH_USER_PATHS = NO;
				CLANG_ANALYZER_NONNULL = YES;
				CLANG_ANALYZER_NUMBER_OBJECT_CONVERSION = YES_AGGRESSIVE;
				CLANG_CXX_LANGUAGE_STANDARD = "gnu++14";
				CLANG_CXX_LIBRARY = "libc++";
				CLANG_ENABLE_MODULES = YES;
				CLANG_ENABLE_OBJC_ARC = YES;
				CLANG_ENABLE_OBJC_WEAK = YES;
				CLANG_WARN_BLOCK_CAPTURE_AUTORELEASING = YES;
				CLANG_WARN_BOOL_CONVERSION = YES;
				CLANG_WARN_COMMA = YES;
				CLANG_WARN_CONSTANT_CONVERSION = YES;
				CLANG_WARN_DEPRECATED_OBJC_IMPLEMENTATIONS = YES;
				CLANG_WARN_DIRECT_OBJC_ISA_USAGE = YES_ERROR;
				CLANG_WARN_DOCUMENTATION_COMMENTS = YES;
				CLANG_WARN_EMPTY_BODY = YES;
				CLANG_WARN_ENUM_CONVERSION = YES;
				CLANG_WARN_INFINITE_RECURSION = YES;
				CLANG_WARN_INT_CONVERSION = YES;
				CLANG_WARN_NON_LITERAL_NULL_CONVERSION = YES;
				CLANG_WARN_OBJC_IMPLICIT_RETAIN_SELF = YES;
				CLANG_WARN_OBJC_LITERAL_CONVERSION = YES;
				CLANG_WARN_OBJC_ROOT_CLASS = YES_ERROR;
				CLANG_WARN_RANGE_LOOP_ANALYSIS = YES;
				CLANG_WARN_STRICT_PROTOTYPES = YES;
				CLANG_WARN_SUSPICIOUS_MOVE = YES;
				CLANG_WARN_UNGUARDED_AVAILABILITY = YES_AGGRESSIVE;
				CLANG_WARN_UNREACHABLE_CODE = YES;
				CLANG_WARN__DUPLICATE_METHOD_MATCH = YES;
				COPY_PHASE_STRIP = NO;
				DEBUG_INFORMATION_FORMAT = dwarf;
				ENABLE_STRICT_OBJC_MSGSEND = YES;
				ENABLE_TESTABILITY = YES;
				GCC_C_LANGUAGE_STANDARD = gnu11;
				GCC_DYNAMIC_NO_PIC = NO;
				GCC_NO_COMMON_BLOCKS = YES;
				GCC_OPTIMIZATION_LEVEL = 0;
				GCC_PREPROCESSOR_DEFINITIONS = (
					"DEBUG=1",
					"$(inherited)",
				);
				GCC_WARN_64_TO_32_BIT_CONVERSION = YES;
				GCC_WARN_ABOUT_RETURN_TYPE = YES_ERROR;
				GCC_WARN_UNDECLARED_SELECTOR = YES;
				GCC_WARN_UNINITIALIZED_AUTOS = YES_AGGRESSIVE;
				GCC_WARN_UNUSED_FUNCTION = YES;
				GCC_WARN_UNUSED_VARIABLE = YES;
				IPHONEOS_DEPLOYMENT_TARGET = 13.0;
				MTL_ENABLE_DEBUG_INFO = INCLUDE_SOURCE;
				MTL_FAST_MATH = YES;
				ONLY_ACTIVE_ARCH = YES;
				SDKROOT = iphoneos;
				SWIFT_ACTIVE_COMPILATION_CONDITIONS = DEBUG;
				SWIFT_OPTIMIZATION_LEVEL = "-Onone";
			};
			name = Debug;
		};
		F04DB30B23663830003ABB14 /* Release */ = {
			isa = XCBuildConfiguration;
			buildSettings = {
				ALWAYS_SEARCH_USER_PATHS = NO;
				CLANG_ANALYZER_NONNULL = YES;
				CLANG_ANALYZER_NUMBER_OBJECT_CONVERSION = YES_AGGRESSIVE;
				CLANG_CXX_LANGUAGE_STANDARD = "gnu++14";
				CLANG_CXX_LIBRARY = "libc++";
				CLANG_ENABLE_MODULES = YES;
				CLANG_ENABLE_OBJC_ARC = YES;
				CLANG_ENABLE_OBJC_WEAK = YES;
				CLANG_WARN_BLOCK_CAPTURE_AUTORELEASING = YES;
				CLANG_WARN_BOOL_CONVERSION = YES;
				CLANG_WARN_COMMA = YES;
				CLANG_WARN_CONSTANT_CONVERSION = YES;
				CLANG_WARN_DEPRECATED_OBJC_IMPLEMENTATIONS = YES;
				CLANG_WARN_DIRECT_OBJC_ISA_USAGE = YES_ERROR;
				CLANG_WARN_DOCUMENTATION_COMMENTS = YES;
				CLANG_WARN_EMPTY_BODY = YES;
				CLANG_WARN_ENUM_CONVERSION = YES;
				CLANG_WARN_INFINITE_RECURSION = YES;
				CLANG_WARN_INT_CONVERSION = YES;
				CLANG_WARN_NON_LITERAL_NULL_CONVERSION = YES;
				CLANG_WARN_OBJC_IMPLICIT_RETAIN_SELF = YES;
				CLANG_WARN_OBJC_LITERAL_CONVERSION = YES;
				CLANG_WARN_OBJC_ROOT_CLASS = YES_ERROR;
				CLANG_WARN_RANGE_LOOP_ANALYSIS = YES;
				CLANG_WARN_STRICT_PROTOTYPES = YES;
				CLANG_WARN_SUSPICIOUS_MOVE = YES;
				CLANG_WARN_UNGUARDED_AVAILABILITY = YES_AGGRESSIVE;
				CLANG_WARN_UNREACHABLE_CODE = YES;
				CLANG_WARN__DUPLICATE_METHOD_MATCH = YES;
				COPY_PHASE_STRIP = NO;
				DEBUG_INFORMATION_FORMAT = "dwarf-with-dsym";
				ENABLE_NS_ASSERTIONS = NO;
				ENABLE_STRICT_OBJC_MSGSEND = YES;
				GCC_C_LANGUAGE_STANDARD = gnu11;
				GCC_NO_COMMON_BLOCKS = YES;
				GCC_WARN_64_TO_32_BIT_CONVERSION = YES;
				GCC_WARN_ABOUT_RETURN_TYPE = YES_ERROR;
				GCC_WARN_UNDECLARED_SELECTOR = YES;
				GCC_WARN_UNINITIALIZED_AUTOS = YES_AGGRESSIVE;
				GCC_WARN_UNUSED_FUNCTION = YES;
				GCC_WARN_UNUSED_VARIABLE = YES;
				IPHONEOS_DEPLOYMENT_TARGET = 13.0;
				MTL_ENABLE_DEBUG_INFO = NO;
				MTL_FAST_MATH = YES;
				SDKROOT = iphoneos;
				SWIFT_COMPILATION_MODE = wholemodule;
				SWIFT_OPTIMIZATION_LEVEL = "-O";
				VALIDATE_PRODUCT = YES;
			};
			name = Release;
		};
		F04DB30D23663830003ABB14 /* Debug */ = {
			isa = XCBuildConfiguration;
			buildSettings = {
				ASSETCATALOG_COMPILER_APPICON_NAME = AppIcon;
				CODE_SIGN_STYLE = Automatic;
				DEVELOPMENT_ASSET_PATHS = "\"SwiftUI2511/Preview Content\"";
				ENABLE_PREVIEWS = YES;
				INFOPLIST_FILE = SwiftUI2511/Info.plist;
				LD_RUNPATH_SEARCH_PATHS = (
					"$(inherited)",
					"@executable_path/Frameworks",
				);
				PRODUCT_BUNDLE_IDENTIFIER = TestingTest.SwiftUI2511;
				PRODUCT_NAME = "$(TARGET_NAME)";
				SWIFT_VERSION = 5.0;
				TARGETED_DEVICE_FAMILY = "1,2";
			};
			name = Debug;
		};
		F04DB30E23663830003ABB14 /* Release */ = {
			isa = XCBuildConfiguration;
			buildSettings = {
				ASSETCATALOG_COMPILER_APPICON_NAME = AppIcon;
				CODE_SIGN_STYLE = Automatic;
				DEVELOPMENT_ASSET_PATHS = "\"SwiftUI2511/Preview Content\"";
				ENABLE_PREVIEWS = YES;
				INFOPLIST_FILE = SwiftUI2511/Info.plist;
				LD_RUNPATH_SEARCH_PATHS = (
					"$(inherited)",
					"@executable_path/Frameworks",
				);
				PRODUCT_BUNDLE_IDENTIFIER = TestingTest.SwiftUI2511;
				PRODUCT_NAME = "$(TARGET_NAME)";
				SWIFT_VERSION = 5.0;
				TARGETED_DEVICE_FAMILY = "1,2";
			};
			name = Release;
		};
/* End XCBuildConfiguration section */

/* Begin XCConfigurationList section */
		F04DB2F32366382E003ABB14 /* Build configuration list for PBXProject "SwiftUI2511" */ = {
			isa = XCConfigurationList;
			buildConfigurations = (
				F04DB30A23663830003ABB14 /* Debug */,
				F04DB30B23663830003ABB14 /* Release */,
			);
			defaultConfigurationIsVisible = 0;
			defaultConfigurationName = Release;
		};
		F04DB30C23663830003ABB14 /* Build configuration list for PBXNativeTarget "SwiftUI2511" */ = {
			isa = XCConfigurationList;
			buildConfigurations = (
				F04DB30D23663830003ABB14 /* Debug */,
				F04DB30E23663830003ABB14 /* Release */,
			);
			defaultConfigurationIsVisible = 0;
			defaultConfigurationName = Release;
		};
/* End XCConfigurationList section */
	};
	rootObject = F04DB2F02366382E003ABB14 /* Project object */;
}
